
Microsoft Visual Studio Solution File, Format Version 12.00
# Visual Studio Version 16
VisualStudioVersion = 16.0.29728.190
MinimumVisualStudioVersion = 10.0.40219.1
Project("{8BC9CEB8-8B4A-11D0-8D11-00A0C91BC942}") = "0504_01", "0504_01\0504_01.vcxproj", "{FA3CF638-6D14-4FED-9892-F06CF8B5E5A4}"
EndProject
Project("{8BC9CEB8-8B4A-11D0-8D11-00A0C91BC942}") = "0504_02", "0504_02\0504_02.vcxproj", "{FB5479F2-8B7D-4A74-BE47-D7B76352096F}"
EndProject
Project("{8BC9CEB8-8B4A-11D0-8D11-00A0C91BC942}") = "0504_03", "0504_03\0504_03.vcxproj", "{084990A9-05BE-4FEC-904F-78929292AAA4}"
EndProject
Global
	GlobalSection(SolutionConfigurationPlatforms) = preSolution
		Debug|x64 = Debug|x64
		Debug|x86 = Debug|x86
		Release|x64 = Release|x64
		Release|x86 = Release|x86
	EndGlobalSection
	GlobalSection(ProjectConfigurationPlatforms) = postSolution
		{FA3CF638-6D14-4FED-9892-F06CF8B5E5A4}.Debug|x64.ActiveCfg = Debug|x64
		{FA3CF638-6D14-4FED-9892-F06CF8B5E5A4}.Debug|x64.Build.0 = Debug|x64
		{FA3CF638-6D14-4FED-9892-F06CF8B5E5A4}.Debug|x86.ActiveCfg = Debug|Win32
		{FA3CF638-6D14-4FED-9892-F06CF8B5E5A4}.Debug|x86.Build.0 = Debug|Win32
		{FA3CF638-6D14-4FED-9892-F06CF8B5E5A4}.Release|x64.ActiveCfg = Release|x64
		{FA3CF638-6D14-4FED-9892-F06CF8B5E5A4}.Release|x64.Build.0 = Release|x64
		{FA3CF638-6D14-4FED-9892-F06CF8B5E5A4}.Release|x86.ActiveCfg = Release|Win32
		{FA3CF638-6D14-4FED-9892-F06CF8B5E5A4}.Release|x86.Build.0 = Release|Win32
		{FB5479F2-8B7D-4A74-BE47-D7B76352096F}.Debug|x64.ActiveCfg = Debug|x64
		{FB5479F2-8B7D-4A74-BE47-D7B76352096F}.Debug|x64.Build.0 = Debug|x64
		{FB5479F2-8B7D-4A74-BE47-D7B76352096F}.Debug|x86.ActiveCfg = Debug|Win32
		{FB5479F2-8B7D-4A74-BE47-D7B76352096F}.Debug|x86.Build.0 = Debug|Win32
		{FB5479F2-8B7D-4A74-BE47-D7B76352096F}.Release|x64.ActiveCfg = Release|x64
		{FB5479F2-8B7D-4A74-BE47-D7B76352096F}.Release|x64.Build.0 = Release|x64
		{FB5479F2-8B7D-4A74-BE47-D7B76352096F}.Release|x86.ActiveCfg = Release|Win32
		{FB5479F2-8B7D-4A74-BE47-D7B76352096F}.Release|x86.Build.0 = Release|Win32
		{084990A9-05BE-4FEC-904F-78929292AAA4}.Debug|x64.ActiveCfg = Debug|x64
		{084990A9-05BE-4FEC-904F-78929292AAA4}.Debug|x64.Build.0 = Debug|x64
		{084990A9-05BE-4FEC-904F-78929292AAA4}.Debug|x86.ActiveCfg = Debug|Win32
		{084990A9-05BE-4FEC-904F-78929292AAA4}.Debug|x86.Build.0 = Debug|Win32
		{084990A9-05BE-4FEC-904F-78929292AAA4}.Release|x64.ActiveCfg = Release|x64
		{084990A9-05BE-4FEC-904F-78929292AAA4}.Release|x64.Build.0 = Release|x64
		{084990A9-05BE-4FEC-904F-78929292AAA4}.Release|x86.ActiveCfg = Release|Win32
		{084990A9-05BE-4FEC-904F-78929292AAA4}.Release|x86.Build.0 = Release|Win32
	EndGlobalSection
	GlobalSection(SolutionProperties) = preSolution
		HideSolutionNode = FALSE
	EndGlobalSection
	GlobalSection(ExtensibilityGlobals) = postSolution
		SolutionGuid = {6B902EC3-E8D0-4581-A2B1-747CE6BA1C84}
	EndGlobalSection
EndGlobal
