
Microsoft Visual Studio Solution File, Format Version 12.00
# Visual Studio Version 16
VisualStudioVersion = 16.0.29728.190
MinimumVisualStudioVersion = 10.0.40219.1
Project("{8BC9CEB8-8B4A-11D0-8D11-00A0C91BC942}") = "0303_test", "0303_test\0303_test.vcxproj", "{4AC02510-CFF1-4769-9EE6-296B82152ADC}"
EndProject
Project("{8BC9CEB8-8B4A-11D0-8D11-00A0C91BC942}") = "0303_02", "0303_02\0303_02.vcxproj", "{86BD37A9-5323-470D-B9AF-E75F136F613E}"
EndProject
Project("{8BC9CEB8-8B4A-11D0-8D11-00A0C91BC942}") = "0303_02_2", "0303_02_2\0303_02_2.vcxproj", "{8484CA89-975C-462F-9A46-F34C56C670B2}"
EndProject
Project("{8BC9CEB8-8B4A-11D0-8D11-00A0C91BC942}") = "0303_02_3", "0303_02_3\0303_02_3.vcxproj", "{209519EF-BCAC-4360-BFCC-EC39C2EAA378}"
EndProject
Project("{8BC9CEB8-8B4A-11D0-8D11-00A0C91BC942}") = "0303_02_4", "0303_02_4\0303_02_4.vcxproj", "{1B034415-5199-4E76-B0F6-178F451FB74E}"
EndProject
Project("{8BC9CEB8-8B4A-11D0-8D11-00A0C91BC942}") = "0303_02_5", "0303_02_5\0303_02_5.vcxproj", "{16934717-5E13-453A-B929-F26E55FDC90C}"
EndProject
Project("{8BC9CEB8-8B4A-11D0-8D11-00A0C91BC942}") = "0303_02_6", "0303_02_6\0303_02_6.vcxproj", "{B77C964D-E329-48E6-8547-ACDAF0527376}"
EndProject
Global
	GlobalSection(SolutionConfigurationPlatforms) = preSolution
		Debug|x64 = Debug|x64
		Debug|x86 = Debug|x86
		Release|x64 = Release|x64
		Release|x86 = Release|x86
	EndGlobalSection
	GlobalSection(ProjectConfigurationPlatforms) = postSolution
		{4AC02510-CFF1-4769-9EE6-296B82152ADC}.Debug|x64.ActiveCfg = Debug|x64
		{4AC02510-CFF1-4769-9EE6-296B82152ADC}.Debug|x64.Build.0 = Debug|x64
		{4AC02510-CFF1-4769-9EE6-296B82152ADC}.Debug|x86.ActiveCfg = Debug|Win32
		{4AC02510-CFF1-4769-9EE6-296B82152ADC}.Debug|x86.Build.0 = Debug|Win32
		{4AC02510-CFF1-4769-9EE6-296B82152ADC}.Release|x64.ActiveCfg = Release|x64
		{4AC02510-CFF1-4769-9EE6-296B82152ADC}.Release|x64.Build.0 = Release|x64
		{4AC02510-CFF1-4769-9EE6-296B82152ADC}.Release|x86.ActiveCfg = Release|Win32
		{4AC02510-CFF1-4769-9EE6-296B82152ADC}.Release|x86.Build.0 = Release|Win32
		{86BD37A9-5323-470D-B9AF-E75F136F613E}.Debug|x64.ActiveCfg = Debug|x64
		{86BD37A9-5323-470D-B9AF-E75F136F613E}.Debug|x64.Build.0 = Debug|x64
		{86BD37A9-5323-470D-B9AF-E75F136F613E}.Debug|x86.ActiveCfg = Debug|Win32
		{86BD37A9-5323-470D-B9AF-E75F136F613E}.Debug|x86.Build.0 = Debug|Win32
		{86BD37A9-5323-470D-B9AF-E75F136F613E}.Release|x64.ActiveCfg = Release|x64
		{86BD37A9-5323-470D-B9AF-E75F136F613E}.Release|x64.Build.0 = Release|x64
		{86BD37A9-5323-470D-B9AF-E75F136F613E}.Release|x86.ActiveCfg = Release|Win32
		{86BD37A9-5323-470D-B9AF-E75F136F613E}.Release|x86.Build.0 = Release|Win32
		{8484CA89-975C-462F-9A46-F34C56C670B2}.Debug|x64.ActiveCfg = Debug|x64
		{8484CA89-975C-462F-9A46-F34C56C670B2}.Debug|x64.Build.0 = Debug|x64
		{8484CA89-975C-462F-9A46-F34C56C670B2}.Debug|x86.ActiveCfg = Debug|Win32
		{8484CA89-975C-462F-9A46-F34C56C670B2}.Debug|x86.Build.0 = Debug|Win32
		{8484CA89-975C-462F-9A46-F34C56C670B2}.Release|x64.ActiveCfg = Release|x64
		{8484CA89-975C-462F-9A46-F34C56C670B2}.Release|x64.Build.0 = Release|x64
		{8484CA89-975C-462F-9A46-F34C56C670B2}.Release|x86.ActiveCfg = Release|Win32
		{8484CA89-975C-462F-9A46-F34C56C670B2}.Release|x86.Build.0 = Release|Win32
		{209519EF-BCAC-4360-BFCC-EC39C2EAA378}.Debug|x64.ActiveCfg = Debug|x64
		{209519EF-BCAC-4360-BFCC-EC39C2EAA378}.Debug|x64.Build.0 = Debug|x64
		{209519EF-BCAC-4360-BFCC-EC39C2EAA378}.Debug|x86.ActiveCfg = Debug|Win32
		{209519EF-BCAC-4360-BFCC-EC39C2EAA378}.Debug|x86.Build.0 = Debug|Win32
		{209519EF-BCAC-4360-BFCC-EC39C2EAA378}.Release|x64.ActiveCfg = Release|x64
		{209519EF-BCAC-4360-BFCC-EC39C2EAA378}.Release|x64.Build.0 = Release|x64
		{209519EF-BCAC-4360-BFCC-EC39C2EAA378}.Release|x86.ActiveCfg = Release|Win32
		{209519EF-BCAC-4360-BFCC-EC39C2EAA378}.Release|x86.Build.0 = Release|Win32
		{1B034415-5199-4E76-B0F6-178F451FB74E}.Debug|x64.ActiveCfg = Debug|x64
		{1B034415-5199-4E76-B0F6-178F451FB74E}.Debug|x64.Build.0 = Debug|x64
		{1B034415-5199-4E76-B0F6-178F451FB74E}.Debug|x86.ActiveCfg = Debug|Win32
		{1B034415-5199-4E76-B0F6-178F451FB74E}.Debug|x86.Build.0 = Debug|Win32
		{1B034415-5199-4E76-B0F6-178F451FB74E}.Release|x64.ActiveCfg = Release|x64
		{1B034415-5199-4E76-B0F6-178F451FB74E}.Release|x64.Build.0 = Release|x64
		{1B034415-5199-4E76-B0F6-178F451FB74E}.Release|x86.ActiveCfg = Release|Win32
		{1B034415-5199-4E76-B0F6-178F451FB74E}.Release|x86.Build.0 = Release|Win32
		{16934717-5E13-453A-B929-F26E55FDC90C}.Debug|x64.ActiveCfg = Debug|x64
		{16934717-5E13-453A-B929-F26E55FDC90C}.Debug|x64.Build.0 = Debug|x64
		{16934717-5E13-453A-B929-F26E55FDC90C}.Debug|x86.ActiveCfg = Debug|Win32
		{16934717-5E13-453A-B929-F26E55FDC90C}.Debug|x86.Build.0 = Debug|Win32
		{16934717-5E13-453A-B929-F26E55FDC90C}.Release|x64.ActiveCfg = Release|x64
		{16934717-5E13-453A-B929-F26E55FDC90C}.Release|x64.Build.0 = Release|x64
		{16934717-5E13-453A-B929-F26E55FDC90C}.Release|x86.ActiveCfg = Release|Win32
		{16934717-5E13-453A-B929-F26E55FDC90C}.Release|x86.Build.0 = Release|Win32
		{B77C964D-E329-48E6-8547-ACDAF0527376}.Debug|x64.ActiveCfg = Debug|x64
		{B77C964D-E329-48E6-8547-ACDAF0527376}.Debug|x64.Build.0 = Debug|x64
		{B77C964D-E329-48E6-8547-ACDAF0527376}.Debug|x86.ActiveCfg = Debug|Win32
		{B77C964D-E329-48E6-8547-ACDAF0527376}.Debug|x86.Build.0 = Debug|Win32
		{B77C964D-E329-48E6-8547-ACDAF0527376}.Release|x64.ActiveCfg = Release|x64
		{B77C964D-E329-48E6-8547-ACDAF0527376}.Release|x64.Build.0 = Release|x64
		{B77C964D-E329-48E6-8547-ACDAF0527376}.Release|x86.ActiveCfg = Release|Win32
		{B77C964D-E329-48E6-8547-ACDAF0527376}.Release|x86.Build.0 = Release|Win32
	EndGlobalSection
	GlobalSection(SolutionProperties) = preSolution
		HideSolutionNode = FALSE
	EndGlobalSection
	GlobalSection(ExtensibilityGlobals) = postSolution
		SolutionGuid = {F4B5771B-5712-4154-A8E0-48226125A635}
	EndGlobalSection
EndGlobal
