
Microsoft Visual Studio Solution File, Format Version 12.00
# Visual Studio Version 16
VisualStudioVersion = 16.0.29728.190
MinimumVisualStudioVersion = 10.0.40219.1
Project("{8BC9CEB8-8B4A-11D0-8D11-00A0C91BC942}") = "0201", "0201\0201.vcxproj", "{590361E3-E436-43DC-A1D4-E5081D21BF96}"
EndProject
Project("{8BC9CEB8-8B4A-11D0-8D11-00A0C91BC942}") = "0205", "0205\0205.vcxproj", "{FFE0C5D5-7FAB-41AA-8661-CB0F7B378470}"
EndProject
Project("{8BC9CEB8-8B4A-11D0-8D11-00A0C91BC942}") = "0206", "0206\0206.vcxproj", "{9393F9F4-FF6F-4EFF-9D05-FFF3A3997BB1}"
EndProject
Project("{8BC9CEB8-8B4A-11D0-8D11-00A0C91BC942}") = "0208", "0208\0208.vcxproj", "{0DA5700C-F714-41AF-B835-ADF5446D10E7}"
EndProject
Project("{8BC9CEB8-8B4A-11D0-8D11-00A0C91BC942}") = "0212", "0212\0212.vcxproj", "{AABD1BE9-9798-4FD6-92ED-5F30C67297E2}"
EndProject
Project("{8BC9CEB8-8B4A-11D0-8D11-00A0C91BC942}") = "0211", "0211\0211.vcxproj", "{6EE4DE87-3A84-4171-9261-1D65D2618D8B}"
EndProject
Project("{8BC9CEB8-8B4A-11D0-8D11-00A0C91BC942}") = "0213", "0213\0213.vcxproj", "{0C889C02-C42C-465D-B49F-39A2AEF169DB}"
EndProject
Global
	GlobalSection(SolutionConfigurationPlatforms) = preSolution
		Debug|x64 = Debug|x64
		Debug|x86 = Debug|x86
		Release|x64 = Release|x64
		Release|x86 = Release|x86
	EndGlobalSection
	GlobalSection(ProjectConfigurationPlatforms) = postSolution
		{590361E3-E436-43DC-A1D4-E5081D21BF96}.Debug|x64.ActiveCfg = Debug|x64
		{590361E3-E436-43DC-A1D4-E5081D21BF96}.Debug|x64.Build.0 = Debug|x64
		{590361E3-E436-43DC-A1D4-E5081D21BF96}.Debug|x86.ActiveCfg = Debug|Win32
		{590361E3-E436-43DC-A1D4-E5081D21BF96}.Debug|x86.Build.0 = Debug|Win32
		{590361E3-E436-43DC-A1D4-E5081D21BF96}.Release|x64.ActiveCfg = Release|x64
		{590361E3-E436-43DC-A1D4-E5081D21BF96}.Release|x64.Build.0 = Release|x64
		{590361E3-E436-43DC-A1D4-E5081D21BF96}.Release|x86.ActiveCfg = Release|Win32
		{590361E3-E436-43DC-A1D4-E5081D21BF96}.Release|x86.Build.0 = Release|Win32
		{FFE0C5D5-7FAB-41AA-8661-CB0F7B378470}.Debug|x64.ActiveCfg = Debug|x64
		{FFE0C5D5-7FAB-41AA-8661-CB0F7B378470}.Debug|x64.Build.0 = Debug|x64
		{FFE0C5D5-7FAB-41AA-8661-CB0F7B378470}.Debug|x86.ActiveCfg = Debug|Win32
		{FFE0C5D5-7FAB-41AA-8661-CB0F7B378470}.Debug|x86.Build.0 = Debug|Win32
		{FFE0C5D5-7FAB-41AA-8661-CB0F7B378470}.Release|x64.ActiveCfg = Release|x64
		{FFE0C5D5-7FAB-41AA-8661-CB0F7B378470}.Release|x64.Build.0 = Release|x64
		{FFE0C5D5-7FAB-41AA-8661-CB0F7B378470}.Release|x86.ActiveCfg = Release|Win32
		{FFE0C5D5-7FAB-41AA-8661-CB0F7B378470}.Release|x86.Build.0 = Release|Win32
		{9393F9F4-FF6F-4EFF-9D05-FFF3A3997BB1}.Debug|x64.ActiveCfg = Debug|x64
		{9393F9F4-FF6F-4EFF-9D05-FFF3A3997BB1}.Debug|x64.Build.0 = Debug|x64
		{9393F9F4-FF6F-4EFF-9D05-FFF3A3997BB1}.Debug|x86.ActiveCfg = Debug|Win32
		{9393F9F4-FF6F-4EFF-9D05-FFF3A3997BB1}.Debug|x86.Build.0 = Debug|Win32
		{9393F9F4-FF6F-4EFF-9D05-FFF3A3997BB1}.Release|x64.ActiveCfg = Release|x64
		{9393F9F4-FF6F-4EFF-9D05-FFF3A3997BB1}.Release|x64.Build.0 = Release|x64
		{9393F9F4-FF6F-4EFF-9D05-FFF3A3997BB1}.Release|x86.ActiveCfg = Release|Win32
		{9393F9F4-FF6F-4EFF-9D05-FFF3A3997BB1}.Release|x86.Build.0 = Release|Win32
		{0DA5700C-F714-41AF-B835-ADF5446D10E7}.Debug|x64.ActiveCfg = Debug|x64
		{0DA5700C-F714-41AF-B835-ADF5446D10E7}.Debug|x64.Build.0 = Debug|x64
		{0DA5700C-F714-41AF-B835-ADF5446D10E7}.Debug|x86.ActiveCfg = Debug|Win32
		{0DA5700C-F714-41AF-B835-ADF5446D10E7}.Debug|x86.Build.0 = Debug|Win32
		{0DA5700C-F714-41AF-B835-ADF5446D10E7}.Release|x64.ActiveCfg = Release|x64
		{0DA5700C-F714-41AF-B835-ADF5446D10E7}.Release|x64.Build.0 = Release|x64
		{0DA5700C-F714-41AF-B835-ADF5446D10E7}.Release|x86.ActiveCfg = Release|Win32
		{0DA5700C-F714-41AF-B835-ADF5446D10E7}.Release|x86.Build.0 = Release|Win32
		{AABD1BE9-9798-4FD6-92ED-5F30C67297E2}.Debug|x64.ActiveCfg = Debug|x64
		{AABD1BE9-9798-4FD6-92ED-5F30C67297E2}.Debug|x64.Build.0 = Debug|x64
		{AABD1BE9-9798-4FD6-92ED-5F30C67297E2}.Debug|x86.ActiveCfg = Debug|Win32
		{AABD1BE9-9798-4FD6-92ED-5F30C67297E2}.Debug|x86.Build.0 = Debug|Win32
		{AABD1BE9-9798-4FD6-92ED-5F30C67297E2}.Release|x64.ActiveCfg = Release|x64
		{AABD1BE9-9798-4FD6-92ED-5F30C67297E2}.Release|x64.Build.0 = Release|x64
		{AABD1BE9-9798-4FD6-92ED-5F30C67297E2}.Release|x86.ActiveCfg = Release|Win32
		{AABD1BE9-9798-4FD6-92ED-5F30C67297E2}.Release|x86.Build.0 = Release|Win32
		{6EE4DE87-3A84-4171-9261-1D65D2618D8B}.Debug|x64.ActiveCfg = Debug|x64
		{6EE4DE87-3A84-4171-9261-1D65D2618D8B}.Debug|x64.Build.0 = Debug|x64
		{6EE4DE87-3A84-4171-9261-1D65D2618D8B}.Debug|x86.ActiveCfg = Debug|Win32
		{6EE4DE87-3A84-4171-9261-1D65D2618D8B}.Debug|x86.Build.0 = Debug|Win32
		{6EE4DE87-3A84-4171-9261-1D65D2618D8B}.Release|x64.ActiveCfg = Release|x64
		{6EE4DE87-3A84-4171-9261-1D65D2618D8B}.Release|x64.Build.0 = Release|x64
		{6EE4DE87-3A84-4171-9261-1D65D2618D8B}.Release|x86.ActiveCfg = Release|Win32
		{6EE4DE87-3A84-4171-9261-1D65D2618D8B}.Release|x86.Build.0 = Release|Win32
		{0C889C02-C42C-465D-B49F-39A2AEF169DB}.Debug|x64.ActiveCfg = Debug|x64
		{0C889C02-C42C-465D-B49F-39A2AEF169DB}.Debug|x64.Build.0 = Debug|x64
		{0C889C02-C42C-465D-B49F-39A2AEF169DB}.Debug|x86.ActiveCfg = Debug|Win32
		{0C889C02-C42C-465D-B49F-39A2AEF169DB}.Debug|x86.Build.0 = Debug|Win32
		{0C889C02-C42C-465D-B49F-39A2AEF169DB}.Release|x64.ActiveCfg = Release|x64
		{0C889C02-C42C-465D-B49F-39A2AEF169DB}.Release|x64.Build.0 = Release|x64
		{0C889C02-C42C-465D-B49F-39A2AEF169DB}.Release|x86.ActiveCfg = Release|Win32
		{0C889C02-C42C-465D-B49F-39A2AEF169DB}.Release|x86.Build.0 = Release|Win32
	EndGlobalSection
	GlobalSection(SolutionProperties) = preSolution
		HideSolutionNode = FALSE
	EndGlobalSection
	GlobalSection(ExtensibilityGlobals) = postSolution
		SolutionGuid = {1431F0BB-3572-4D6D-B63D-62FAB2B89E60}
	EndGlobalSection
EndGlobal
