
Microsoft Visual Studio Solution File, Format Version 12.00
# Visual Studio Version 16
VisualStudioVersion = 16.0.29728.190
MinimumVisualStudioVersion = 10.0.40219.1
Project("{8BC9CEB8-8B4A-11D0-8D11-00A0C91BC942}") = "0101", "0101\0101.vcxproj", "{E11C5495-746C-461E-B48A-EAEF5AB69B93}"
EndProject
Project("{8BC9CEB8-8B4A-11D0-8D11-00A0C91BC942}") = "0104", "0104\0104.vcxproj", "{EED22D34-1C1C-416D-BF4E-230EC46BC0E6}"
EndProject
Project("{8BC9CEB8-8B4A-11D0-8D11-00A0C91BC942}") = "0106", "0106\0106.vcxproj", "{25B55731-8076-424A-91A6-3DA86F541711}"
EndProject
Project("{8BC9CEB8-8B4A-11D0-8D11-00A0C91BC942}") = "0107", "0107\0107.vcxproj", "{05826020-368C-4A96-AB8B-7EF7DE8EEE0D}"
EndProject
Project("{8BC9CEB8-8B4A-11D0-8D11-00A0C91BC942}") = "0110", "0110\0110.vcxproj", "{735BA676-87F1-46DC-B4B2-CE137414E46F}"
EndProject
Project("{8BC9CEB8-8B4A-11D0-8D11-00A0C91BC942}") = "0112", "0112\0112.vcxproj", "{B7F8E415-7713-4E8D-BB0D-22DBDC525162}"
EndProject
Project("{8BC9CEB8-8B4A-11D0-8D11-00A0C91BC942}") = "0116", "0116\0116.vcxproj", "{1F8C4714-8220-475A-A5AE-8B27A231C89B}"
EndProject
Global
	GlobalSection(SolutionConfigurationPlatforms) = preSolution
		Debug|x64 = Debug|x64
		Debug|x86 = Debug|x86
		Release|x64 = Release|x64
		Release|x86 = Release|x86
	EndGlobalSection
	GlobalSection(ProjectConfigurationPlatforms) = postSolution
		{E11C5495-746C-461E-B48A-EAEF5AB69B93}.Debug|x64.ActiveCfg = Debug|x64
		{E11C5495-746C-461E-B48A-EAEF5AB69B93}.Debug|x64.Build.0 = Debug|x64
		{E11C5495-746C-461E-B48A-EAEF5AB69B93}.Debug|x86.ActiveCfg = Debug|Win32
		{E11C5495-746C-461E-B48A-EAEF5AB69B93}.Debug|x86.Build.0 = Debug|Win32
		{E11C5495-746C-461E-B48A-EAEF5AB69B93}.Release|x64.ActiveCfg = Release|x64
		{E11C5495-746C-461E-B48A-EAEF5AB69B93}.Release|x64.Build.0 = Release|x64
		{E11C5495-746C-461E-B48A-EAEF5AB69B93}.Release|x86.ActiveCfg = Release|Win32
		{E11C5495-746C-461E-B48A-EAEF5AB69B93}.Release|x86.Build.0 = Release|Win32
		{EED22D34-1C1C-416D-BF4E-230EC46BC0E6}.Debug|x64.ActiveCfg = Debug|x64
		{EED22D34-1C1C-416D-BF4E-230EC46BC0E6}.Debug|x64.Build.0 = Debug|x64
		{EED22D34-1C1C-416D-BF4E-230EC46BC0E6}.Debug|x86.ActiveCfg = Debug|Win32
		{EED22D34-1C1C-416D-BF4E-230EC46BC0E6}.Debug|x86.Build.0 = Debug|Win32
		{EED22D34-1C1C-416D-BF4E-230EC46BC0E6}.Release|x64.ActiveCfg = Release|x64
		{EED22D34-1C1C-416D-BF4E-230EC46BC0E6}.Release|x64.Build.0 = Release|x64
		{EED22D34-1C1C-416D-BF4E-230EC46BC0E6}.Release|x86.ActiveCfg = Release|Win32
		{EED22D34-1C1C-416D-BF4E-230EC46BC0E6}.Release|x86.Build.0 = Release|Win32
		{25B55731-8076-424A-91A6-3DA86F541711}.Debug|x64.ActiveCfg = Debug|x64
		{25B55731-8076-424A-91A6-3DA86F541711}.Debug|x64.Build.0 = Debug|x64
		{25B55731-8076-424A-91A6-3DA86F541711}.Debug|x86.ActiveCfg = Debug|Win32
		{25B55731-8076-424A-91A6-3DA86F541711}.Debug|x86.Build.0 = Debug|Win32
		{25B55731-8076-424A-91A6-3DA86F541711}.Release|x64.ActiveCfg = Release|x64
		{25B55731-8076-424A-91A6-3DA86F541711}.Release|x64.Build.0 = Release|x64
		{25B55731-8076-424A-91A6-3DA86F541711}.Release|x86.ActiveCfg = Release|Win32
		{25B55731-8076-424A-91A6-3DA86F541711}.Release|x86.Build.0 = Release|Win32
		{05826020-368C-4A96-AB8B-7EF7DE8EEE0D}.Debug|x64.ActiveCfg = Debug|x64
		{05826020-368C-4A96-AB8B-7EF7DE8EEE0D}.Debug|x64.Build.0 = Debug|x64
		{05826020-368C-4A96-AB8B-7EF7DE8EEE0D}.Debug|x86.ActiveCfg = Debug|Win32
		{05826020-368C-4A96-AB8B-7EF7DE8EEE0D}.Debug|x86.Build.0 = Debug|Win32
		{05826020-368C-4A96-AB8B-7EF7DE8EEE0D}.Release|x64.ActiveCfg = Release|x64
		{05826020-368C-4A96-AB8B-7EF7DE8EEE0D}.Release|x64.Build.0 = Release|x64
		{05826020-368C-4A96-AB8B-7EF7DE8EEE0D}.Release|x86.ActiveCfg = Release|Win32
		{05826020-368C-4A96-AB8B-7EF7DE8EEE0D}.Release|x86.Build.0 = Release|Win32
		{735BA676-87F1-46DC-B4B2-CE137414E46F}.Debug|x64.ActiveCfg = Debug|x64
		{735BA676-87F1-46DC-B4B2-CE137414E46F}.Debug|x64.Build.0 = Debug|x64
		{735BA676-87F1-46DC-B4B2-CE137414E46F}.Debug|x86.ActiveCfg = Debug|Win32
		{735BA676-87F1-46DC-B4B2-CE137414E46F}.Debug|x86.Build.0 = Debug|Win32
		{735BA676-87F1-46DC-B4B2-CE137414E46F}.Release|x64.ActiveCfg = Release|x64
		{735BA676-87F1-46DC-B4B2-CE137414E46F}.Release|x64.Build.0 = Release|x64
		{735BA676-87F1-46DC-B4B2-CE137414E46F}.Release|x86.ActiveCfg = Release|Win32
		{735BA676-87F1-46DC-B4B2-CE137414E46F}.Release|x86.Build.0 = Release|Win32
		{B7F8E415-7713-4E8D-BB0D-22DBDC525162}.Debug|x64.ActiveCfg = Debug|x64
		{B7F8E415-7713-4E8D-BB0D-22DBDC525162}.Debug|x64.Build.0 = Debug|x64
		{B7F8E415-7713-4E8D-BB0D-22DBDC525162}.Debug|x86.ActiveCfg = Debug|Win32
		{B7F8E415-7713-4E8D-BB0D-22DBDC525162}.Debug|x86.Build.0 = Debug|Win32
		{B7F8E415-7713-4E8D-BB0D-22DBDC525162}.Release|x64.ActiveCfg = Release|x64
		{B7F8E415-7713-4E8D-BB0D-22DBDC525162}.Release|x64.Build.0 = Release|x64
		{B7F8E415-7713-4E8D-BB0D-22DBDC525162}.Release|x86.ActiveCfg = Release|Win32
		{B7F8E415-7713-4E8D-BB0D-22DBDC525162}.Release|x86.Build.0 = Release|Win32
		{1F8C4714-8220-475A-A5AE-8B27A231C89B}.Debug|x64.ActiveCfg = Debug|x64
		{1F8C4714-8220-475A-A5AE-8B27A231C89B}.Debug|x64.Build.0 = Debug|x64
		{1F8C4714-8220-475A-A5AE-8B27A231C89B}.Debug|x86.ActiveCfg = Debug|Win32
		{1F8C4714-8220-475A-A5AE-8B27A231C89B}.Debug|x86.Build.0 = Debug|Win32
		{1F8C4714-8220-475A-A5AE-8B27A231C89B}.Release|x64.ActiveCfg = Release|x64
		{1F8C4714-8220-475A-A5AE-8B27A231C89B}.Release|x64.Build.0 = Release|x64
		{1F8C4714-8220-475A-A5AE-8B27A231C89B}.Release|x86.ActiveCfg = Release|Win32
		{1F8C4714-8220-475A-A5AE-8B27A231C89B}.Release|x86.Build.0 = Release|Win32
	EndGlobalSection
	GlobalSection(SolutionProperties) = preSolution
		HideSolutionNode = FALSE
	EndGlobalSection
	GlobalSection(ExtensibilityGlobals) = postSolution
		SolutionGuid = {FB44C83A-2515-4220-A89F-5A10BE914B26}
	EndGlobalSection
EndGlobal
