
Microsoft Visual Studio Solution File, Format Version 12.00
# Visual Studio Version 16
VisualStudioVersion = 16.0.29728.190
MinimumVisualStudioVersion = 10.0.40219.1
Project("{8BC9CEB8-8B4A-11D0-8D11-00A0C91BC942}") = "20_01", "20_01\20_01.vcxproj", "{5BB0A872-0256-4F9C-ACC4-55DAD74206D9}"
EndProject
Project("{8BC9CEB8-8B4A-11D0-8D11-00A0C91BC942}") = "20_02", "20_02\20_02.vcxproj", "{DEFE33BA-CB9B-4D30-890D-F92DA8DC74F7}"
EndProject
Project("{8BC9CEB8-8B4A-11D0-8D11-00A0C91BC942}") = "20_03", "20_03\20_03.vcxproj", "{5495279C-3B1C-4B17-9C42-51ADEB35B5A6}"
EndProject
Project("{8BC9CEB8-8B4A-11D0-8D11-00A0C91BC942}") = "20_04", "20_04\20_04.vcxproj", "{C3D4E0D6-5D9D-4356-AC32-38FE18052B8C}"
EndProject
Project("{8BC9CEB8-8B4A-11D0-8D11-00A0C91BC942}") = "20_04_2", "20_04_2\20_04_2.vcxproj", "{028E700F-3D60-44A6-8906-0EE374659F05}"
EndProject
Global
	GlobalSection(SolutionConfigurationPlatforms) = preSolution
		Debug|x64 = Debug|x64
		Debug|x86 = Debug|x86
		Release|x64 = Release|x64
		Release|x86 = Release|x86
	EndGlobalSection
	GlobalSection(ProjectConfigurationPlatforms) = postSolution
		{5BB0A872-0256-4F9C-ACC4-55DAD74206D9}.Debug|x64.ActiveCfg = Debug|x64
		{5BB0A872-0256-4F9C-ACC4-55DAD74206D9}.Debug|x64.Build.0 = Debug|x64
		{5BB0A872-0256-4F9C-ACC4-55DAD74206D9}.Debug|x86.ActiveCfg = Debug|Win32
		{5BB0A872-0256-4F9C-ACC4-55DAD74206D9}.Debug|x86.Build.0 = Debug|Win32
		{5BB0A872-0256-4F9C-ACC4-55DAD74206D9}.Release|x64.ActiveCfg = Release|x64
		{5BB0A872-0256-4F9C-ACC4-55DAD74206D9}.Release|x64.Build.0 = Release|x64
		{5BB0A872-0256-4F9C-ACC4-55DAD74206D9}.Release|x86.ActiveCfg = Release|Win32
		{5BB0A872-0256-4F9C-ACC4-55DAD74206D9}.Release|x86.Build.0 = Release|Win32
		{DEFE33BA-CB9B-4D30-890D-F92DA8DC74F7}.Debug|x64.ActiveCfg = Debug|x64
		{DEFE33BA-CB9B-4D30-890D-F92DA8DC74F7}.Debug|x64.Build.0 = Debug|x64
		{DEFE33BA-CB9B-4D30-890D-F92DA8DC74F7}.Debug|x86.ActiveCfg = Debug|Win32
		{DEFE33BA-CB9B-4D30-890D-F92DA8DC74F7}.Debug|x86.Build.0 = Debug|Win32
		{DEFE33BA-CB9B-4D30-890D-F92DA8DC74F7}.Release|x64.ActiveCfg = Release|x64
		{DEFE33BA-CB9B-4D30-890D-F92DA8DC74F7}.Release|x64.Build.0 = Release|x64
		{DEFE33BA-CB9B-4D30-890D-F92DA8DC74F7}.Release|x86.ActiveCfg = Release|Win32
		{DEFE33BA-CB9B-4D30-890D-F92DA8DC74F7}.Release|x86.Build.0 = Release|Win32
		{5495279C-3B1C-4B17-9C42-51ADEB35B5A6}.Debug|x64.ActiveCfg = Debug|x64
		{5495279C-3B1C-4B17-9C42-51ADEB35B5A6}.Debug|x64.Build.0 = Debug|x64
		{5495279C-3B1C-4B17-9C42-51ADEB35B5A6}.Debug|x86.ActiveCfg = Debug|Win32
		{5495279C-3B1C-4B17-9C42-51ADEB35B5A6}.Debug|x86.Build.0 = Debug|Win32
		{5495279C-3B1C-4B17-9C42-51ADEB35B5A6}.Release|x64.ActiveCfg = Release|x64
		{5495279C-3B1C-4B17-9C42-51ADEB35B5A6}.Release|x64.Build.0 = Release|x64
		{5495279C-3B1C-4B17-9C42-51ADEB35B5A6}.Release|x86.ActiveCfg = Release|Win32
		{5495279C-3B1C-4B17-9C42-51ADEB35B5A6}.Release|x86.Build.0 = Release|Win32
		{C3D4E0D6-5D9D-4356-AC32-38FE18052B8C}.Debug|x64.ActiveCfg = Debug|x64
		{C3D4E0D6-5D9D-4356-AC32-38FE18052B8C}.Debug|x64.Build.0 = Debug|x64
		{C3D4E0D6-5D9D-4356-AC32-38FE18052B8C}.Debug|x86.ActiveCfg = Debug|Win32
		{C3D4E0D6-5D9D-4356-AC32-38FE18052B8C}.Debug|x86.Build.0 = Debug|Win32
		{C3D4E0D6-5D9D-4356-AC32-38FE18052B8C}.Release|x64.ActiveCfg = Release|x64
		{C3D4E0D6-5D9D-4356-AC32-38FE18052B8C}.Release|x64.Build.0 = Release|x64
		{C3D4E0D6-5D9D-4356-AC32-38FE18052B8C}.Release|x86.ActiveCfg = Release|Win32
		{C3D4E0D6-5D9D-4356-AC32-38FE18052B8C}.Release|x86.Build.0 = Release|Win32
		{028E700F-3D60-44A6-8906-0EE374659F05}.Debug|x64.ActiveCfg = Debug|x64
		{028E700F-3D60-44A6-8906-0EE374659F05}.Debug|x64.Build.0 = Debug|x64
		{028E700F-3D60-44A6-8906-0EE374659F05}.Debug|x86.ActiveCfg = Debug|Win32
		{028E700F-3D60-44A6-8906-0EE374659F05}.Debug|x86.Build.0 = Debug|Win32
		{028E700F-3D60-44A6-8906-0EE374659F05}.Release|x64.ActiveCfg = Release|x64
		{028E700F-3D60-44A6-8906-0EE374659F05}.Release|x64.Build.0 = Release|x64
		{028E700F-3D60-44A6-8906-0EE374659F05}.Release|x86.ActiveCfg = Release|Win32
		{028E700F-3D60-44A6-8906-0EE374659F05}.Release|x86.Build.0 = Release|Win32
	EndGlobalSection
	GlobalSection(SolutionProperties) = preSolution
		HideSolutionNode = FALSE
	EndGlobalSection
	GlobalSection(ExtensibilityGlobals) = postSolution
		SolutionGuid = {A316C797-4132-48E3-957E-5F2725EA68FE}
	EndGlobalSection
EndGlobal
