
Microsoft Visual Studio Solution File, Format Version 12.00
# Visual Studio Version 16
VisualStudioVersion = 16.0.29409.12
MinimumVisualStudioVersion = 10.0.40219.1
Project("{8BC9CEB8-8B4A-11D0-8D11-00A0C91BC942}") = "12_01", "12_01\12_01.vcxproj", "{26CA5017-D71C-4F02-B3E6-75B20016215F}"
EndProject
Project("{8BC9CEB8-8B4A-11D0-8D11-00A0C91BC942}") = "12_04", "12_04\12_04.vcxproj", "{359C98E0-CE9A-4EE5-818D-0FC8921C2A8D}"
EndProject
Global
	GlobalSection(SolutionConfigurationPlatforms) = preSolution
		Debug|x64 = Debug|x64
		Debug|x86 = Debug|x86
		Release|x64 = Release|x64
		Release|x86 = Release|x86
	EndGlobalSection
	GlobalSection(ProjectConfigurationPlatforms) = postSolution
		{26CA5017-D71C-4F02-B3E6-75B20016215F}.Debug|x64.ActiveCfg = Debug|x64
		{26CA5017-D71C-4F02-B3E6-75B20016215F}.Debug|x64.Build.0 = Debug|x64
		{26CA5017-D71C-4F02-B3E6-75B20016215F}.Debug|x86.ActiveCfg = Debug|Win32
		{26CA5017-D71C-4F02-B3E6-75B20016215F}.Debug|x86.Build.0 = Debug|Win32
		{26CA5017-D71C-4F02-B3E6-75B20016215F}.Release|x64.ActiveCfg = Release|x64
		{26CA5017-D71C-4F02-B3E6-75B20016215F}.Release|x64.Build.0 = Release|x64
		{26CA5017-D71C-4F02-B3E6-75B20016215F}.Release|x86.ActiveCfg = Release|Win32
		{26CA5017-D71C-4F02-B3E6-75B20016215F}.Release|x86.Build.0 = Release|Win32
		{359C98E0-CE9A-4EE5-818D-0FC8921C2A8D}.Debug|x64.ActiveCfg = Debug|x64
		{359C98E0-CE9A-4EE5-818D-0FC8921C2A8D}.Debug|x64.Build.0 = Debug|x64
		{359C98E0-CE9A-4EE5-818D-0FC8921C2A8D}.Debug|x86.ActiveCfg = Debug|Win32
		{359C98E0-CE9A-4EE5-818D-0FC8921C2A8D}.Debug|x86.Build.0 = Debug|Win32
		{359C98E0-CE9A-4EE5-818D-0FC8921C2A8D}.Release|x64.ActiveCfg = Release|x64
		{359C98E0-CE9A-4EE5-818D-0FC8921C2A8D}.Release|x64.Build.0 = Release|x64
		{359C98E0-CE9A-4EE5-818D-0FC8921C2A8D}.Release|x86.ActiveCfg = Release|Win32
		{359C98E0-CE9A-4EE5-818D-0FC8921C2A8D}.Release|x86.Build.0 = Release|Win32
	EndGlobalSection
	GlobalSection(SolutionProperties) = preSolution
		HideSolutionNode = FALSE
	EndGlobalSection
	GlobalSection(ExtensibilityGlobals) = postSolution
		SolutionGuid = {37794AAC-910C-4E64-BFC1-51462590B9DB}
	EndGlobalSection
EndGlobal
